// !$*UTF8*$!
{
	archiveVersion = 1;
	classes = {
	};
	objectVersion = 55;
	objects = {

/* Begin PBXBuildFile section */
		C466D0C527D1322100288C8D /* AppDelegate.swift in Sources */ = {isa = PBXBuildFile; fileRef = C466D0C427D1322100288C8D /* AppDelegate.swift */; };
		C466D0C727D1322100288C8D /* SceneDelegate.swift in Sources */ = {isa = PBXBuildFile; fileRef = C466D0C627D1322100288C8D /* SceneDelegate.swift */; };
		C466D0CE27D1322300288C8D /* Assets.xcassets in Resources */ = {isa = PBXBuildFile; fileRef = C466D0CD27D1322300288C8D /* Assets.xcassets */; };
		C466D0D127D1322300288C8D /* LaunchScreen.storyboard in Resources */ = {isa = PBXBuildFile; fileRef = C466D0CF27D1322300288C8D /* LaunchScreen.storyboard */; };
		C466D0D927D1392400288C8D /* Resource.swift in Sources */ = {isa = PBXBuildFile; fileRef = C466D0D827D1392400288C8D /* Resource.swift */; };
		C466D0DE27D13D8200288C8D /* ExploreScreen.swift in Sources */ = {isa = PBXBuildFile; fileRef = C466D0DD27D13D8200288C8D /* ExploreScreen.swift */; };
		C466D0E527D1D78900288C8D /* Movie.swift in Sources */ = {isa = PBXBuildFile; fileRef = C466D0E427D1D78900288C8D /* Movie.swift */; };
		C466D0E727D1D82C00288C8D /* MovieDetail.swift in Sources */ = {isa = PBXBuildFile; fileRef = C466D0E627D1D82C00288C8D /* MovieDetail.swift */; };
		C466D0EB27D1EC0C00288C8D /* MovieClient.swift in Sources */ = {isa = PBXBuildFile; fileRef = C466D0EA27D1EC0C00288C8D /* MovieClient.swift */; };
		C466D0ED27D1FBD200288C8D /* MovieResponse.swift in Sources */ = {isa = PBXBuildFile; fileRef = C466D0EC27D1FBD200288C8D /* MovieResponse.swift */; };
		C466D0EF27D1FFC000288C8D /* Actor.swift in Sources */ = {isa = PBXBuildFile; fileRef = C466D0EE27D1FFC000288C8D /* Actor.swift */; };
		C466D0F127D200FF00288C8D /* KatexError.swift in Sources */ = {isa = PBXBuildFile; fileRef = C466D0F027D200FF00288C8D /* KatexError.swift */; };
		C466D0F327D2014E00288C8D /* MovieClientImp.swift in Sources */ = {isa = PBXBuildFile; fileRef = C466D0F227D2014E00288C8D /* MovieClientImp.swift */; };
		C466D0F527D2044200288C8D /* ExploreViewModel.swift in Sources */ = {isa = PBXBuildFile; fileRef = C466D0F427D2044200288C8D /* ExploreViewModel.swift */; };
		C466D0F727D2052F00288C8D /* MovieDetailScreen.swift in Sources */ = {isa = PBXBuildFile; fileRef = C466D0F627D2052F00288C8D /* MovieDetailScreen.swift */; };
		C466D10027D228AE00288C8D /* HistoryMovieView.swift in Sources */ = {isa = PBXBuildFile; fileRef = C466D0FF27D228AE00288C8D /* HistoryMovieView.swift */; };
		C466D10227D228BD00288C8D /* PopularMovieView.swift in Sources */ = {isa = PBXBuildFile; fileRef = C466D10127D228BD00288C8D /* PopularMovieView.swift */; };
		C466D10427D228CB00288C8D /* SearchMovieView.swift in Sources */ = {isa = PBXBuildFile; fileRef = C466D10327D228CB00288C8D /* SearchMovieView.swift */; };
		C47D3B1527D292AE006552C8 /* Kingfisher in Frameworks */ = {isa = PBXBuildFile; productRef = C47D3B1427D292AE006552C8 /* Kingfisher */; };
		C47D3B1727D2AC78006552C8 /* Async.swift in Sources */ = {isa = PBXBuildFile; fileRef = C47D3B1627D2AC77006552C8 /* Async.swift */; };
		C4ABA69C27D340780021B13C /* MovieDetailViewModel.swift in Sources */ = {isa = PBXBuildFile; fileRef = C4ABA69B27D340780021B13C /* MovieDetailViewModel.swift */; };
/* End PBXBuildFile section */

/* Begin PBXFileReference section */
		C466D0C127D1322100288C8D /* Katex Entertainment.app */ = {isa = PBXFileReference; explicitFileType = wrapper.application; includeInIndex = 0; path = "Katex Entertainment.app"; sourceTree = BUILT_PRODUCTS_DIR; };
		C466D0C427D1322100288C8D /* AppDelegate.swift */ = {isa = PBXFileReference; lastKnownFileType = sourcecode.swift; path = AppDelegate.swift; sourceTree = "<group>"; };
		C466D0C627D1322100288C8D /* SceneDelegate.swift */ = {isa = PBXFileReference; lastKnownFileType = sourcecode.swift; path = SceneDelegate.swift; sourceTree = "<group>"; };
		C466D0CD27D1322300288C8D /* Assets.xcassets */ = {isa = PBXFileReference; lastKnownFileType = folder.assetcatalog; path = Assets.xcassets; sourceTree = "<group>"; };
		C466D0D027D1322300288C8D /* Base */ = {isa = PBXFileReference; lastKnownFileType = file.storyboard; name = Base; path = Base.lproj/LaunchScreen.storyboard; sourceTree = "<group>"; };
		C466D0D227D1322300288C8D /* Info.plist */ = {isa = PBXFileReference; lastKnownFileType = text.plist.xml; path = Info.plist; sourceTree = "<group>"; };
		C466D0D827D1392400288C8D /* Resource.swift */ = {isa = PBXFileReference; lastKnownFileType = sourcecode.swift; path = Resource.swift; sourceTree = "<group>"; };
		C466D0DD27D13D8200288C8D /* ExploreScreen.swift */ = {isa = PBXFileReference; lastKnownFileType = sourcecode.swift; path = ExploreScreen.swift; sourceTree = "<group>"; };
		C466D0DF27D1D50300288C8D /* README.md */ = {isa = PBXFileReference; lastKnownFileType = net.daringfireball.markdown; path = README.md; sourceTree = "<group>"; };
		C466D0E427D1D78900288C8D /* Movie.swift */ = {isa = PBXFileReference; lastKnownFileType = sourcecode.swift; path = Movie.swift; sourceTree = "<group>"; };
		C466D0E627D1D82C00288C8D /* MovieDetail.swift */ = {isa = PBXFileReference; lastKnownFileType = sourcecode.swift; path = MovieDetail.swift; sourceTree = "<group>"; };
		C466D0EA27D1EC0C00288C8D /* MovieClient.swift */ = {isa = PBXFileReference; lastKnownFileType = sourcecode.swift; path = MovieClient.swift; sourceTree = "<group>"; };
		C466D0EC27D1FBD200288C8D /* MovieResponse.swift */ = {isa = PBXFileReference; lastKnownFileType = sourcecode.swift; path = MovieResponse.swift; sourceTree = "<group>"; };
		C466D0EE27D1FFC000288C8D /* Actor.swift */ = {isa = PBXFileReference; lastKnownFileType = sourcecode.swift; path = Actor.swift; sourceTree = "<group>"; };
		C466D0F027D200FF00288C8D /* KatexError.swift */ = {isa = PBXFileReference; lastKnownFileType = sourcecode.swift; path = KatexError.swift; sourceTree = "<group>"; };
		C466D0F227D2014E00288C8D /* MovieClientImp.swift */ = {isa = PBXFileReference; lastKnownFileType = sourcecode.swift; path = MovieClientImp.swift; sourceTree = "<group>"; };
		C466D0F427D2044200288C8D /* ExploreViewModel.swift */ = {isa = PBXFileReference; lastKnownFileType = sourcecode.swift; path = ExploreViewModel.swift; sourceTree = "<group>"; };
		C466D0F627D2052F00288C8D /* MovieDetailScreen.swift */ = {isa = PBXFileReference; lastKnownFileType = sourcecode.swift; path = MovieDetailScreen.swift; sourceTree = "<group>"; };
		C466D0FF27D228AE00288C8D /* HistoryMovieView.swift */ = {isa = PBXFileReference; lastKnownFileType = sourcecode.swift; path = HistoryMovieView.swift; sourceTree = "<group>"; };
		C466D10127D228BD00288C8D /* PopularMovieView.swift */ = {isa = PBXFileReference; lastKnownFileType = sourcecode.swift; path = PopularMovieView.swift; sourceTree = "<group>"; };
		C466D10327D228CB00288C8D /* SearchMovieView.swift */ = {isa = PBXFileReference; lastKnownFileType = sourcecode.swift; path = SearchMovieView.swift; sourceTree = "<group>"; };
		C47D3B1627D2AC77006552C8 /* Async.swift */ = {isa = PBXFileReference; lastKnownFileType = sourcecode.swift; path = Async.swift; sourceTree = "<group>"; };
		C4ABA69B27D340780021B13C /* MovieDetailViewModel.swift */ = {isa = PBXFileReference; lastKnownFileType = sourcecode.swift; path = MovieDetailViewModel.swift; sourceTree = "<group>"; };
/* End PBXFileReference section */

/* Begin PBXFrameworksBuildPhase section */
		C466D0BE27D1322100288C8D /* Frameworks */ = {
			isa = PBXFrameworksBuildPhase;
			buildActionMask = 2147483647;
			files = (
				C47D3B1527D292AE006552C8 /* Kingfisher in Frameworks */,
			);
			runOnlyForDeploymentPostprocessing = 0;
		};
/* End PBXFrameworksBuildPhase section */

/* Begin PBXGroup section */
		C466D0B827D1322100288C8D = {
			isa = PBXGroup;
			children = (
				C466D0DF27D1D50300288C8D /* README.md */,
				C466D0C327D1322100288C8D /* Katex Entertainment */,
				C466D0C227D1322100288C8D /* Products */,
			);
			sourceTree = "<group>";
		};
		C466D0C227D1322100288C8D /* Products */ = {
			isa = PBXGroup;
			children = (
				C466D0C127D1322100288C8D /* Katex Entertainment.app */,
			);
			name = Products;
			sourceTree = "<group>";
		};
		C466D0C327D1322100288C8D /* Katex Entertainment */ = {
			isa = PBXGroup;
			children = (
				C466D0E227D1D6E200288C8D /* Data Source */,
				C466D0E127D1D6D900288C8D /* Model */,
				C466D0DC27D13C4400288C8D /* Design System */,
				C466D0E327D1D70C00288C8D /* Feature */,
				C466D0C427D1322100288C8D /* AppDelegate.swift */,
				C466D0C627D1322100288C8D /* SceneDelegate.swift */,
				C466D0D227D1322300288C8D /* Info.plist */,
				C466D0E027D1D67D00288C8D /* Preview Content */,
			);
			path = "Katex Entertainment";
			sourceTree = "<group>";
		};
		C466D0DA27D13C1600288C8D /* Explore */ = {
			isa = PBXGroup;
			children = (
				C466D0DD27D13D8200288C8D /* ExploreScreen.swift */,
				C466D0F427D2044200288C8D /* ExploreViewModel.swift */,
			);
			path = Explore;
			sourceTree = "<group>";
		};
		C466D0DB27D13C2300288C8D /* Movie Details */ = {
			isa = PBXGroup;
			children = (
				C466D0F627D2052F00288C8D /* MovieDetailScreen.swift */,
				C4ABA69B27D340780021B13C /* MovieDetailViewModel.swift */,
			);
			path = "Movie Details";
			sourceTree = "<group>";
		};
		C466D0DC27D13C4400288C8D /* Design System */ = {
			isa = PBXGroup;
			children = (
				C466D0FE27D2289400288C8D /* View */,
				C466D0D827D1392400288C8D /* Resource.swift */,
				C466D0CD27D1322300288C8D /* Assets.xcassets */,
				C466D0CF27D1322300288C8D /* LaunchScreen.storyboard */,
			);
			path = "Design System";
			sourceTree = "<group>";
		};
		C466D0E027D1D67D00288C8D /* Preview Content */ = {
			isa = PBXGroup;
			children = (
			);
			path = "Preview Content";
			sourceTree = "<group>";
		};
		C466D0E127D1D6D900288C8D /* Model */ = {
			isa = PBXGroup;
			children = (
				C466D0EC27D1FBD200288C8D /* MovieResponse.swift */,
				C466D0E427D1D78900288C8D /* Movie.swift */,
				C466D0E627D1D82C00288C8D /* MovieDetail.swift */,
				C466D0EE27D1FFC000288C8D /* Actor.swift */,
				C466D0F027D200FF00288C8D /* KatexError.swift */,
				C47D3B1627D2AC77006552C8 /* Async.swift */,
			);
			path = Model;
			sourceTree = "<group>";
		};
		C466D0E227D1D6E200288C8D /* Data Source */ = {
			isa = PBXGroup;
			children = (
				C466D0EA27D1EC0C00288C8D /* MovieClient.swift */,
				C466D0F227D2014E00288C8D /* MovieClientImp.swift */,
			);
			path = "Data Source";
			sourceTree = "<group>";
		};
		C466D0E327D1D70C00288C8D /* Feature */ = {
			isa = PBXGroup;
			children = (
				C466D0DA27D13C1600288C8D /* Explore */,
				C466D0DB27D13C2300288C8D /* Movie Details */,
			);
			path = Feature;
			sourceTree = "<group>";
		};
		C466D0FE27D2289400288C8D /* View */ = {
			isa = PBXGroup;
			children = (
				C466D0FF27D228AE00288C8D /* HistoryMovieView.swift */,
				C466D10127D228BD00288C8D /* PopularMovieView.swift */,
				C466D10327D228CB00288C8D /* SearchMovieView.swift */,
			);
			path = View;
			sourceTree = "<group>";
		};
/* End PBXGroup section */

/* Begin PBXNativeTarget section */
		C466D0C027D1322100288C8D /* Katex Entertainment */ = {
			isa = PBXNativeTarget;
			buildConfigurationList = C466D0D527D1322300288C8D /* Build configuration list for PBXNativeTarget "Katex Entertainment" */;
			buildPhases = (
				C466D0BD27D1322100288C8D /* Sources */,
				C466D0BE27D1322100288C8D /* Frameworks */,
				C466D0BF27D1322100288C8D /* Resources */,
			);
			buildRules = (
			);
			dependencies = (
			);
			name = "Katex Entertainment";
			packageProductDependencies = (
				C47D3B1427D292AE006552C8 /* Kingfisher */,
			);
			productName = "Katex Entertainment";
			productReference = C466D0C127D1322100288C8D /* Katex Entertainment.app */;
			productType = "com.apple.product-type.application";
		};
/* End PBXNativeTarget section */

/* Begin PBXProject section */
		C466D0B927D1322100288C8D /* Project object */ = {
			isa = PBXProject;
			attributes = {
				BuildIndependentTargetsInParallel = 1;
				LastSwiftUpdateCheck = 1320;
				LastUpgradeCheck = 1320;
				TargetAttributes = {
					C466D0C027D1322100288C8D = {
						CreatedOnToolsVersion = 13.2.1;
					};
				};
			};
			buildConfigurationList = C466D0BC27D1322100288C8D /* Build configuration list for PBXProject "Katex Entertainment" */;
			compatibilityVersion = "Xcode 13.0";
			developmentRegion = en;
			hasScannedForEncodings = 0;
			knownRegions = (
				en,
				Base,
			);
			mainGroup = C466D0B827D1322100288C8D;
			packageReferences = (
				C47D3B1327D292AE006552C8 /* XCRemoteSwiftPackageReference "Kingfisher" */,
			);
			productRefGroup = C466D0C227D1322100288C8D /* Products */;
			projectDirPath = "";
			projectRoot = "";
			targets = (
				C466D0C027D1322100288C8D /* Katex Entertainment */,
			);
		};
/* End PBXProject section */

/* Begin PBXResourcesBuildPhase section */
		C466D0BF27D1322100288C8D /* Resources */ = {
			isa = PBXResourcesBuildPhase;
			buildActionMask = 2147483647;
			files = (
				C466D0D127D1322300288C8D /* LaunchScreen.storyboard in Resources */,
				C466D0CE27D1322300288C8D /* Assets.xcassets in Resources */,
			);
			runOnlyForDeploymentPostprocessing = 0;
		};
/* End PBXResourcesBuildPhase section */

/* Begin PBXSourcesBuildPhase section */
		C466D0BD27D1322100288C8D /* Sources */ = {
			isa = PBXSourcesBuildPhase;
			buildActionMask = 2147483647;
			files = (
				C466D0F527D2044200288C8D /* ExploreViewModel.swift in Sources */,
				C466D10427D228CB00288C8D /* SearchMovieView.swift in Sources */,
				C466D0C527D1322100288C8D /* AppDelegate.swift in Sources */,
				C47D3B1727D2AC78006552C8 /* Async.swift in Sources */,
				C466D10027D228AE00288C8D /* HistoryMovieView.swift in Sources */,
				C466D0DE27D13D8200288C8D /* ExploreScreen.swift in Sources */,
				C466D0D927D1392400288C8D /* Resource.swift in Sources */,
				C466D0EB27D1EC0C00288C8D /* MovieClient.swift in Sources */,
				C4ABA69C27D340780021B13C /* MovieDetailViewModel.swift in Sources */,
				C466D0E727D1D82C00288C8D /* MovieDetail.swift in Sources */,
				C466D0F327D2014E00288C8D /* MovieClientImp.swift in Sources */,
				C466D0ED27D1FBD200288C8D /* MovieResponse.swift in Sources */,
				C466D0F127D200FF00288C8D /* KatexError.swift in Sources */,
				C466D0EF27D1FFC000288C8D /* Actor.swift in Sources */,
				C466D0F727D2052F00288C8D /* MovieDetailScreen.swift in Sources */,
				C466D10227D228BD00288C8D /* PopularMovieView.swift in Sources */,
				C466D0C727D1322100288C8D /* SceneDelegate.swift in Sources */,
				C466D0E527D1D78900288C8D /* Movie.swift in Sources */,
			);
			runOnlyForDeploymentPostprocessing = 0;
		};
/* End PBXSourcesBuildPhase section */

/* Begin PBXVariantGroup section */
		C466D0CF27D1322300288C8D /* LaunchScreen.storyboard */ = {
			isa = PBXVariantGroup;
			children = (
				C466D0D027D1322300288C8D /* Base */,
			);
			name = LaunchScreen.storyboard;
			sourceTree = "<group>";
		};
/* End PBXVariantGroup section */

/* Begin XCBuildConfiguration section */
		C466D0D327D1322300288C8D /* Debug */ = {
			isa = XCBuildConfiguration;
			buildSettings = {
				ALWAYS_SEARCH_USER_PATHS = NO;
				CLANG_ANALYZER_NONNULL = YES;
				CLANG_ANALYZER_NUMBER_OBJECT_CONVERSION = YES_AGGRESSIVE;
				CLANG_CXX_LANGUAGE_STANDARD = "gnu++17";
				CLANG_CXX_LIBRARY = "libc++";
				CLANG_ENABLE_MODULES = YES;
				CLANG_ENABLE_OBJC_ARC = YES;
				CLANG_ENABLE_OBJC_WEAK = YES;
				CLANG_WARN_BLOCK_CAPTURE_AUTORELEASING = YES;
				CLANG_WARN_BOOL_CONVERSION = YES;
				CLANG_WARN_COMMA = YES;
				CLANG_WARN_CONSTANT_CONVERSION = YES;
				CLANG_WARN_DEPRECATED_OBJC_IMPLEMENTATIONS = YES;
				CLANG_WARN_DIRECT_OBJC_ISA_USAGE = YES_ERROR;
				CLANG_WARN_DOCUMENTATION_COMMENTS = YES;
				CLANG_WARN_EMPTY_BODY = YES;
				CLANG_WARN_ENUM_CONVERSION = YES;
				CLANG_WARN_INFINITE_RECURSION = YES;
				CLANG_WARN_INT_CONVERSION = YES;
				CLANG_WARN_NON_LITERAL_NULL_CONVERSION = YES;
				CLANG_WARN_OBJC_IMPLICIT_RETAIN_SELF = YES;
				CLANG_WARN_OBJC_LITERAL_CONVERSION = YES;
				CLANG_WARN_OBJC_ROOT_CLASS = YES_ERROR;
				CLANG_WARN_QUOTED_INCLUDE_IN_FRAMEWORK_HEADER = YES;
				CLANG_WARN_RANGE_LOOP_ANALYSIS = YES;
				CLANG_WARN_STRICT_PROTOTYPES = YES;
				CLANG_WARN_SUSPICIOUS_MOVE = YES;
				CLANG_WARN_UNGUARDED_AVAILABILITY = YES_AGGRESSIVE;
				CLANG_WARN_UNREACHABLE_CODE = YES;
				CLANG_WARN__DUPLICATE_METHOD_MATCH = YES;
				COPY_PHASE_STRIP = NO;
				DEBUG_INFORMATION_FORMAT = dwarf;
				ENABLE_STRICT_OBJC_MSGSEND = YES;
				ENABLE_TESTABILITY = YES;
				GCC_C_LANGUAGE_STANDARD = gnu11;
				GCC_DYNAMIC_NO_PIC = NO;
				GCC_NO_COMMON_BLOCKS = YES;
				GCC_OPTIMIZATION_LEVEL = 0;
				GCC_PREPROCESSOR_DEFINITIONS = (
					"DEBUG=1",
					"$(inherited)",
				);
				GCC_WARN_64_TO_32_BIT_CONVERSION = YES;
				GCC_WARN_ABOUT_RETURN_TYPE = YES_ERROR;
				GCC_WARN_UNDECLARED_SELECTOR = YES;
				GCC_WARN_UNINITIALIZED_AUTOS = YES_AGGRESSIVE;
				GCC_WARN_UNUSED_FUNCTION = YES;
				GCC_WARN_UNUSED_VARIABLE = YES;
				IPHONEOS_DEPLOYMENT_TARGET = 15.2;
				MTL_ENABLE_DEBUG_INFO = INCLUDE_SOURCE;
				MTL_FAST_MATH = YES;
				ONLY_ACTIVE_ARCH = YES;
				SDKROOT = iphoneos;
				SWIFT_ACTIVE_COMPILATION_CONDITIONS = DEBUG;
				SWIFT_OPTIMIZATION_LEVEL = "-Onone";
			};
			name = Debug;
		};
		C466D0D427D1322300288C8D /* Release */ = {
			isa = XCBuildConfiguration;
			buildSettings = {
				ALWAYS_SEARCH_USER_PATHS = NO;
				CLANG_ANALYZER_NONNULL = YES;
				CLANG_ANALYZER_NUMBER_OBJECT_CONVERSION = YES_AGGRESSIVE;
				CLANG_CXX_LANGUAGE_STANDARD = "gnu++17";
				CLANG_CXX_LIBRARY = "libc++";
				CLANG_ENABLE_MODULES = YES;
				CLANG_ENABLE_OBJC_ARC = YES;
				CLANG_ENABLE_OBJC_WEAK = YES;
				CLANG_WARN_BLOCK_CAPTURE_AUTORELEASING = YES;
				CLANG_WARN_BOOL_CONVERSION = YES;
				CLANG_WARN_COMMA = YES;
				CLANG_WARN_CONSTANT_CONVERSION = YES;
				CLANG_WARN_DEPRECATED_OBJC_IMPLEMENTATIONS = YES;
				CLANG_WARN_DIRECT_OBJC_ISA_USAGE = YES_ERROR;
				CLANG_WARN_DOCUMENTATION_COMMENTS = YES;
				CLANG_WARN_EMPTY_BODY = YES;
				CLANG_WARN_ENUM_CONVERSION = YES;
				CLANG_WARN_INFINITE_RECURSION = YES;
				CLANG_WARN_INT_CONVERSION = YES;
				CLANG_WARN_NON_LITERAL_NULL_CONVERSION = YES;
				CLANG_WARN_OBJC_IMPLICIT_RETAIN_SELF = YES;
				CLANG_WARN_OBJC_LITERAL_CONVERSION = YES;
				CLANG_WARN_OBJC_ROOT_CLASS = YES_ERROR;
				CLANG_WARN_QUOTED_INCLUDE_IN_FRAMEWORK_HEADER = YES;
				CLANG_WARN_RANGE_LOOP_ANALYSIS = YES;
				CLANG_WARN_STRICT_PROTOTYPES = YES;
				CLANG_WARN_SUSPICIOUS_MOVE = YES;
				CLANG_WARN_UNGUARDED_AVAILABILITY = YES_AGGRESSIVE;
				CLANG_WARN_UNREACHABLE_CODE = YES;
				CLANG_WARN__DUPLICATE_METHOD_MATCH = YES;
				COPY_PHASE_STRIP = NO;
				DEBUG_INFORMATION_FORMAT = "dwarf-with-dsym";
				ENABLE_NS_ASSERTIONS = NO;
				ENABLE_STRICT_OBJC_MSGSEND = YES;
				GCC_C_LANGUAGE_STANDARD = gnu11;
				GCC_NO_COMMON_BLOCKS = YES;
				GCC_WARN_64_TO_32_BIT_CONVERSION = YES;
				GCC_WARN_ABOUT_RETURN_TYPE = YES_ERROR;
				GCC_WARN_UNDECLARED_SELECTOR = YES;
				GCC_WARN_UNINITIALIZED_AUTOS = YES_AGGRESSIVE;
				GCC_WARN_UNUSED_FUNCTION = YES;
				GCC_WARN_UNUSED_VARIABLE = YES;
				IPHONEOS_DEPLOYMENT_TARGET = 15.2;
				MTL_ENABLE_DEBUG_INFO = NO;
				MTL_FAST_MATH = YES;
				SDKROOT = iphoneos;
				SWIFT_COMPILATION_MODE = wholemodule;
				SWIFT_OPTIMIZATION_LEVEL = "-O";
				VALIDATE_PRODUCT = YES;
			};
			name = Release;
		};
		C466D0D627D1322300288C8D /* Debug */ = {
			isa = XCBuildConfiguration;
			buildSettings = {
				ASSETCATALOG_COMPILER_APPICON_NAME = AppIcon;
				ASSETCATALOG_COMPILER_GLOBAL_ACCENT_COLOR_NAME = AccentColor;
				CODE_SIGN_STYLE = Automatic;
				CURRENT_PROJECT_VERSION = 1;
				DEVELOPMENT_ASSET_PATHS = "\"Katex Entertainment/Preview Content\"";
				DEVELOPMENT_TEAM = 4UDSZ3HFA2;
				GENERATE_INFOPLIST_FILE = YES;
				INFOPLIST_FILE = "Katex Entertainment/Info.plist";
				INFOPLIST_KEY_UIApplicationSupportsIndirectInputEvents = YES;
				INFOPLIST_KEY_UILaunchStoryboardName = LaunchScreen;
				INFOPLIST_KEY_UIMainStoryboardFile = "";
				INFOPLIST_KEY_UISupportedInterfaceOrientations = UIInterfaceOrientationPortrait;
				INFOPLIST_KEY_UISupportedInterfaceOrientations_iPad = "UIInterfaceOrientationPortrait UIInterfaceOrientationPortraitUpsideDown UIInterfaceOrientationLandscapeLeft UIInterfaceOrientationLandscapeRight";
				INFOPLIST_KEY_UISupportedInterfaceOrientations_iPhone = "UIInterfaceOrientationPortrait UIInterfaceOrientationLandscapeLeft UIInterfaceOrientationLandscapeRight";
				LD_RUNPATH_SEARCH_PATHS = (
					"$(inherited)",
					"@executable_path/Frameworks",
				);
				MARKETING_VERSION = 1.0;
				PRODUCT_BUNDLE_IDENTIFIER = "io.github.zoha131.Katex-Entertainment";
				PRODUCT_NAME = "$(TARGET_NAME)";
				SWIFT_EMIT_LOC_STRINGS = YES;
				SWIFT_VERSION = 5.0;
				TARGETED_DEVICE_FAMILY = 1;
			};
			name = Debug;
		};
		C466D0D727D1322300288C8D /* Release */ = {
			isa = XCBuildConfiguration;
			buildSettings = {
				ASSETCATALOG_COMPILER_APPICON_NAME = AppIcon;
				ASSETCATALOG_COMPILER_GLOBAL_ACCENT_COLOR_NAME = AccentColor;
				CODE_SIGN_STYLE = Automatic;
				CURRENT_PROJECT_VERSION = 1;
				DEVELOPMENT_ASSET_PATHS = "\"Katex Entertainment/Preview Content\"";
				DEVELOPMENT_TEAM = 4UDSZ3HFA2;
				GENERATE_INFOPLIST_FILE = YES;
				INFOPLIST_FILE = "Katex Entertainment/Info.plist";
				INFOPLIST_KEY_UIApplicationSupportsIndirectInputEvents = YES;
				INFOPLIST_KEY_UILaunchStoryboardName = LaunchScreen;
				INFOPLIST_KEY_UIMainStoryboardFile = "";
				INFOPLIST_KEY_UISupportedInterfaceOrientations = UIInterfaceOrientationPortrait;
				INFOPLIST_KEY_UISupportedInterfaceOrientations_iPad = "UIInterfaceOrientationPortrait UIInterfaceOrientationPortraitUpsideDown UIInterfaceOrientationLandscapeLeft UIInterfaceOrientationLandscapeRight";
				INFOPLIST_KEY_UISupportedInterfaceOrientations_iPhone = "UIInterfaceOrientationPortrait UIInterfaceOrientationLandscapeLeft UIInterfaceOrientationLandscapeRight";
				LD_RUNPATH_SEARCH_PATHS = (
					"$(inherited)",
					"@executable_path/Frameworks",
				);
				MARKETING_VERSION = 1.0;
				PRODUCT_BUNDLE_IDENTIFIER = "io.github.zoha131.Katex-Entertainment";
				PRODUCT_NAME = "$(TARGET_NAME)";
				SWIFT_EMIT_LOC_STRINGS = YES;
				SWIFT_VERSION = 5.0;
				TARGETED_DEVICE_FAMILY = 1;
			};
			name = Release;
		};
/* End XCBuildConfiguration section */

/* Begin XCConfigurationList section */
		C466D0BC27D1322100288C8D /* Build configuration list for PBXProject "Katex Entertainment" */ = {
			isa = XCConfigurationList;
			buildConfigurations = (
				C466D0D327D1322300288C8D /* Debug */,
				C466D0D427D1322300288C8D /* Release */,
			);
			defaultConfigurationIsVisible = 0;
			defaultConfigurationName = Release;
		};
		C466D0D527D1322300288C8D /* Build configuration list for PBXNativeTarget "Katex Entertainment" */ = {
			isa = XCConfigurationList;
			buildConfigurations = (
				C466D0D627D1322300288C8D /* Debug */,
				C466D0D727D1322300288C8D /* Release */,
			);
			defaultConfigurationIsVisible = 0;
			defaultConfigurationName = Release;
		};
/* End XCConfigurationList section */

/* Begin XCRemoteSwiftPackageReference section */
		C47D3B1327D292AE006552C8 /* XCRemoteSwiftPackageReference "Kingfisher" */ = {
			isa = XCRemoteSwiftPackageReference;
			repositoryURL = "https://github.com/onevcat/Kingfisher.git";
			requirement = {
				kind = upToNextMajorVersion;
				minimumVersion = 7.0.0;
			};
		};
/* End XCRemoteSwiftPackageReference section */

/* Begin XCSwiftPackageProductDependency section */
		C47D3B1427D292AE006552C8 /* Kingfisher */ = {
			isa = XCSwiftPackageProductDependency;
			package = C47D3B1327D292AE006552C8 /* XCRemoteSwiftPackageReference "Kingfisher" */;
			productName = Kingfisher;
		};
/* End XCSwiftPackageProductDependency section */
	};
	rootObject = C466D0B927D1322100288C8D /* Project object */;
}
